
Microsoft Visual Studio Solution File, Format Version 12.00
# Visual Studio Version 16
VisualStudioVersion = 16.0.29503.13
MinimumVisualStudioVersion = 10.0.40219.1
Project("{9A19103F-16F7-4668-BE54-9A1E7A4F7556}") = "TestCap", "TestCap.csproj", "{F2CCE64D-2D94-422F-872D-0A3C0B348EB8}"
EndProject
Global
	GlobalSection(SolutionConfigurationPlatforms) = preSolution
		Debug|Any CPU = Debug|Any CPU
		Release|Any CPU = Release|Any CPU
	EndGlobalSection
	GlobalSection(ProjectConfigurationPlatforms) = postSolution
		{F2CCE64D-2D94-422F-872D-0A3C0B348EB8}.Debug|Any CPU.ActiveCfg = Debug|Any CPU
		{F2CCE64D-2D94-422F-872D-0A3C0B348EB8}.Debug|Any CPU.Build.0 = Debug|Any CPU
		{F2CCE64D-2D94-422F-872D-0A3C0B348EB8}.Release|Any CPU.ActiveCfg = Release|Any CPU
		{F2CCE64D-2D94-422F-872D-0A3C0B348EB8}.Release|Any CPU.Build.0 = Release|Any CPU
	EndGlobalSection
	GlobalSection(SolutionProperties) = preSolution
		HideSolutionNode = FALSE
	EndGlobalSection
	GlobalSection(ExtensibilityGlobals) = postSolution
		SolutionGuid = {EFA2709D-887A-448E-9980-C4FD3809A0B1}
	EndGlobalSection
EndGlobal
